
Microsoft Visual Studio Solution File, Format Version 12.00
# Visual Studio 15
VisualStudioVersion = 15.0.28010.2046
MinimumVisualStudioVersion = 10.0.40219.1
Project("{FAE04EC0-301F-11D3-BF4B-00C04F79EFBC}") = "App2.Android", "App2\App2.Android\App2.Android.csproj", "{103C743C-C79F-44E0-A5F3-88CD06D2E60A}"
EndProject
Project("{FAE04EC0-301F-11D3-BF4B-00C04F79EFBC}") = "App2.iOS", "App2\App2.iOS\App2.iOS.csproj", "{6C6062FA-10DB-43AD-BB5F-F7969707FCBD}"
EndProject
Project("{FAE04EC0-301F-11D3-BF4B-00C04F79EFBC}") = "App2.UWP", "App2\App2.UWP\App2.UWP.csproj", "{9F7E3892-153A-41EA-828B-0E331B2AAACD}"
EndProject
Project("{FAE04EC0-301F-11D3-BF4B-00C04F79EFBC}") = "App2", "App2\App2\App2.csproj", "{13F588F0-3A14-495D-9FCC-C2B42E42B418}"
EndProject
Global
	GlobalSection(SolutionConfigurationPlatforms) = preSolution
		Ad-Hoc|Any CPU = Ad-Hoc|Any CPU
		Ad-Hoc|ARM = Ad-Hoc|ARM
		Ad-Hoc|iPhone = Ad-Hoc|iPhone
		Ad-Hoc|iPhoneSimulator = Ad-Hoc|iPhoneSimulator
		Ad-Hoc|x64 = Ad-Hoc|x64
		Ad-Hoc|x86 = Ad-Hoc|x86
		AppStore|Any CPU = AppStore|Any CPU
		AppStore|ARM = AppStore|ARM
		AppStore|iPhone = AppStore|iPhone
		AppStore|iPhoneSimulator = AppStore|iPhoneSimulator
		AppStore|x64 = AppStore|x64
		AppStore|x86 = AppStore|x86
		Debug|Any CPU = Debug|Any CPU
		Debug|ARM = Debug|ARM
		Debug|iPhone = Debug|iPhone
		Debug|iPhoneSimulator = Debug|iPhoneSimulator
		Debug|x64 = Debug|x64
		Debug|x86 = Debug|x86
		Release|Any CPU = Release|Any CPU
		Release|ARM = Release|ARM
		Release|iPhone = Release|iPhone
		Release|iPhoneSimulator = Release|iPhoneSimulator
		Release|x64 = Release|x64
		Release|x86 = Release|x86
	EndGlobalSection
	GlobalSection(ProjectConfigurationPlatforms) = postSolution
		{103C743C-C79F-44E0-A5F3-88CD06D2E60A}.Ad-Hoc|Any CPU.ActiveCfg = Release|Any CPU
		{103C743C-C79F-44E0-A5F3-88CD06D2E60A}.Ad-Hoc|Any CPU.Build.0 = Release|Any CPU
		{103C743C-C79F-44E0-A5F3-88CD06D2E60A}.Ad-Hoc|Any CPU.Deploy.0 = Release|Any CPU
		{103C743C-C79F-44E0-A5F3-88CD06D2E60A}.Ad-Hoc|ARM.ActiveCfg = Release|Any CPU
		{103C743C-C79F-44E0-A5F3-88CD06D2E60A}.Ad-Hoc|ARM.Build.0 = Release|Any CPU
		{103C743C-C79F-44E0-A5F3-88CD06D2E60A}.Ad-Hoc|ARM.Deploy.0 = Release|Any CPU
		{103C743C-C79F-44E0-A5F3-88CD06D2E60A}.Ad-Hoc|iPhone.ActiveCfg = Release|Any CPU
		{103C743C-C79F-44E0-A5F3-88CD06D2E60A}.Ad-Hoc|iPhone.Build.0 = Release|Any CPU
		{103C743C-C79F-44E0-A5F3-88CD06D2E60A}.Ad-Hoc|iPhone.Deploy.0 = Release|Any CPU
		{103C743C-C79F-44E0-A5F3-88CD06D2E60A}.Ad-Hoc|iPhoneSimulator.ActiveCfg = Release|Any CPU
		{103C743C-C79F-44E0-A5F3-88CD06D2E60A}.Ad-Hoc|iPhoneSimulator.Build.0 = Release|Any CPU
		{103C743C-C79F-44E0-A5F3-88CD06D2E60A}.Ad-Hoc|iPhoneSimulator.Deploy.0 = Release|Any CPU
		{103C743C-C79F-44E0-A5F3-88CD06D2E60A}.Ad-Hoc|x64.ActiveCfg = Release|Any CPU
		{103C743C-C79F-44E0-A5F3-88CD06D2E60A}.Ad-Hoc|x64.Build.0 = Release|Any CPU
		{103C743C-C79F-44E0-A5F3-88CD06D2E60A}.Ad-Hoc|x64.Deploy.0 = Release|Any CPU
		{103C743C-C79F-44E0-A5F3-88CD06D2E60A}.Ad-Hoc|x86.ActiveCfg = Release|Any CPU
		{103C743C-C79F-44E0-A5F3-88CD06D2E60A}.Ad-Hoc|x86.Build.0 = Release|Any CPU
		{103C743C-C79F-44E0-A5F3-88CD06D2E60A}.Ad-Hoc|x86.Deploy.0 = Release|Any CPU
		{103C743C-C79F-44E0-A5F3-88CD06D2E60A}.AppStore|Any CPU.ActiveCfg = Release|Any CPU
		{103C743C-C79F-44E0-A5F3-88CD06D2E60A}.AppStore|Any CPU.Build.0 = Release|Any CPU
		{103C743C-C79F-44E0-A5F3-88CD06D2E60A}.AppStore|Any CPU.Deploy.0 = Release|Any CPU
		{103C743C-C79F-44E0-A5F3-88CD06D2E60A}.AppStore|ARM.ActiveCfg = Release|Any CPU
		{103C743C-C79F-44E0-A5F3-88CD06D2E60A}.AppStore|ARM.Build.0 = Release|Any CPU
		{103C743C-C79F-44E0-A5F3-88CD06D2E60A}.AppStore|ARM.Deploy.0 = Release|Any CPU
		{103C743C-C79F-44E0-A5F3-88CD06D2E60A}.AppStore|iPhone.ActiveCfg = Release|Any CPU
		{103C743C-C79F-44E0-A5F3-88CD06D2E60A}.AppStore|iPhone.Build.0 = Release|Any CPU
		{103C743C-C79F-44E0-A5F3-88CD06D2E60A}.AppStore|iPhone.Deploy.0 = Release|Any CPU
		{103C743C-C79F-44E0-A5F3-88CD06D2E60A}.AppStore|iPhoneSimulator.ActiveCfg = Release|Any CPU
		{103C743C-C79F-44E0-A5F3-88CD06D2E60A}.AppStore|iPhoneSimulator.Build.0 = Release|Any CPU
		{103C743C-C79F-44E0-A5F3-88CD06D2E60A}.AppStore|iPhoneSimulator.Deploy.0 = Release|Any CPU
		{103C743C-C79F-44E0-A5F3-88CD06D2E60A}.AppStore|x64.ActiveCfg = Release|Any CPU
		{103C743C-C79F-44E0-A5F3-88CD06D2E60A}.AppStore|x64.Build.0 = Release|Any CPU
		{103C743C-C79F-44E0-A5F3-88CD06D2E60A}.AppStore|x64.Deploy.0 = Release|Any CPU
		{103C743C-C79F-44E0-A5F3-88CD06D2E60A}.AppStore|x86.ActiveCfg = Release|Any CPU
		{103C743C-C79F-44E0-A5F3-88CD06D2E60A}.AppStore|x86.Build.0 = Release|Any CPU
		{103C743C-C79F-44E0-A5F3-88CD06D2E60A}.AppStore|x86.Deploy.0 = Release|Any CPU
		{103C743C-C79F-44E0-A5F3-88CD06D2E60A}.Debug|Any CPU.ActiveCfg = Debug|Any CPU
		{103C743C-C79F-44E0-A5F3-88CD06D2E60A}.Debug|Any CPU.Build.0 = Debug|Any CPU
		{103C743C-C79F-44E0-A5F3-88CD06D2E60A}.Debug|Any CPU.Deploy.0 = Debug|Any CPU
		{103C743C-C79F-44E0-A5F3-88CD06D2E60A}.Debug|ARM.ActiveCfg = Debug|Any CPU
		{103C743C-C79F-44E0-A5F3-88CD06D2E60A}.Debug|ARM.Build.0 = Debug|Any CPU
		{103C743C-C79F-44E0-A5F3-88CD06D2E60A}.Debug|ARM.Deploy.0 = Debug|Any CPU
		{103C743C-C79F-44E0-A5F3-88CD06D2E60A}.Debug|iPhone.ActiveCfg = Debug|Any CPU
		{103C743C-C79F-44E0-A5F3-88CD06D2E60A}.Debug|iPhone.Build.0 = Debug|Any CPU
		{103C743C-C79F-44E0-A5F3-88CD06D2E60A}.Debug|iPhone.Deploy.0 = Debug|Any CPU
		{103C743C-C79F-44E0-A5F3-88CD06D2E60A}.Debug|iPhoneSimulator.ActiveCfg = Debug|Any CPU
		{103C743C-C79F-44E0-A5F3-88CD06D2E60A}.Debug|iPhoneSimulator.Build.0 = Debug|Any CPU
		{103C743C-C79F-44E0-A5F3-88CD06D2E60A}.Debug|iPhoneSimulator.Deploy.0 = Debug|Any CPU
		{103C743C-C79F-44E0-A5F3-88CD06D2E60A}.Debug|x64.ActiveCfg = Debug|Any CPU
		{103C743C-C79F-44E0-A5F3-88CD06D2E60A}.Debug|x64.Build.0 = Debug|Any CPU
		{103C743C-C79F-44E0-A5F3-88CD06D2E60A}.Debug|x64.Deploy.0 = Debug|Any CPU
		{103C743C-C79F-44E0-A5F3-88CD06D2E60A}.Debug|x86.ActiveCfg = Debug|Any CPU
		{103C743C-C79F-44E0-A5F3-88CD06D2E60A}.Debug|x86.Build.0 = Debug|Any CPU
		{103C743C-C79F-44E0-A5F3-88CD06D2E60A}.Debug|x86.Deploy.0 = Debug|Any CPU
		{103C743C-C79F-44E0-A5F3-88CD06D2E60A}.Release|Any CPU.ActiveCfg = Release|Any CPU
		{103C743C-C79F-44E0-A5F3-88CD06D2E60A}.Release|Any CPU.Build.0 = Release|Any CPU
		{103C743C-C79F-44E0-A5F3-88CD06D2E60A}.Release|Any CPU.Deploy.0 = Release|Any CPU
		{103C743C-C79F-44E0-A5F3-88CD06D2E60A}.Release|ARM.ActiveCfg = Release|Any CPU
		{103C743C-C79F-44E0-A5F3-88CD06D2E60A}.Release|ARM.Build.0 = Release|Any CPU
		{103C743C-C79F-44E0-A5F3-88CD06D2E60A}.Release|ARM.Deploy.0 = Release|Any CPU
		{103C743C-C79F-44E0-A5F3-88CD06D2E60A}.Release|iPhone.ActiveCfg = Release|Any CPU
		{103C743C-C79F-44E0-A5F3-88CD06D2E60A}.Release|iPhone.Build.0 = Release|Any CPU
		{103C743C-C79F-44E0-A5F3-88CD06D2E60A}.Release|iPhone.Deploy.0 = Release|Any CPU
		{103C743C-C79F-44E0-A5F3-88CD06D2E60A}.Release|iPhoneSimulator.ActiveCfg = Release|Any CPU
		{103C743C-C79F-44E0-A5F3-88CD06D2E60A}.Release|iPhoneSimulator.Build.0 = Release|Any CPU
		{103C743C-C79F-44E0-A5F3-88CD06D2E60A}.Release|iPhoneSimulator.Deploy.0 = Release|Any CPU
		{103C743C-C79F-44E0-A5F3-88CD06D2E60A}.Release|x64.ActiveCfg = Release|Any CPU
		{103C743C-C79F-44E0-A5F3-88CD06D2E60A}.Release|x64.Build.0 = Release|Any CPU
		{103C743C-C79F-44E0-A5F3-88CD06D2E60A}.Release|x64.Deploy.0 = Release|Any CPU
		{103C743C-C79F-44E0-A5F3-88CD06D2E60A}.Release|x86.ActiveCfg = Release|Any CPU
		{103C743C-C79F-44E0-A5F3-88CD06D2E60A}.Release|x86.Build.0 = Release|Any CPU
		{103C743C-C79F-44E0-A5F3-88CD06D2E60A}.Release|x86.Deploy.0 = Release|Any CPU
		{6C6062FA-10DB-43AD-BB5F-F7969707FCBD}.Ad-Hoc|Any CPU.ActiveCfg = Ad-Hoc|iPhone
		{6C6062FA-10DB-43AD-BB5F-F7969707FCBD}.Ad-Hoc|Any CPU.Build.0 = Ad-Hoc|iPhone
		{6C6062FA-10DB-43AD-BB5F-F7969707FCBD}.Ad-Hoc|Any CPU.Deploy.0 = Ad-Hoc|iPhone
		{6C6062FA-10DB-43AD-BB5F-F7969707FCBD}.Ad-Hoc|ARM.ActiveCfg = Ad-Hoc|iPhone
		{6C6062FA-10DB-43AD-BB5F-F7969707FCBD}.Ad-Hoc|ARM.Build.0 = Ad-Hoc|iPhone
		{6C6062FA-10DB-43AD-BB5F-F7969707FCBD}.Ad-Hoc|ARM.Deploy.0 = Ad-Hoc|iPhone
		{6C6062FA-10DB-43AD-BB5F-F7969707FCBD}.Ad-Hoc|iPhone.ActiveCfg = Ad-Hoc|iPhone
		{6C6062FA-10DB-43AD-BB5F-F7969707FCBD}.Ad-Hoc|iPhone.Build.0 = Ad-Hoc|iPhone
		{6C6062FA-10DB-43AD-BB5F-F7969707FCBD}.Ad-Hoc|iPhone.Deploy.0 = Ad-Hoc|iPhone
		{6C6062FA-10DB-43AD-BB5F-F7969707FCBD}.Ad-Hoc|iPhoneSimulator.ActiveCfg = Ad-Hoc|iPhoneSimulator
		{6C6062FA-10DB-43AD-BB5F-F7969707FCBD}.Ad-Hoc|iPhoneSimulator.Build.0 = Ad-Hoc|iPhoneSimulator
		{6C6062FA-10DB-43AD-BB5F-F7969707FCBD}.Ad-Hoc|iPhoneSimulator.Deploy.0 = Ad-Hoc|iPhoneSimulator
		{6C6062FA-10DB-43AD-BB5F-F7969707FCBD}.Ad-Hoc|x64.ActiveCfg = Ad-Hoc|iPhone
		{6C6062FA-10DB-43AD-BB5F-F7969707FCBD}.Ad-Hoc|x64.Build.0 = Ad-Hoc|iPhone
		{6C6062FA-10DB-43AD-BB5F-F7969707FCBD}.Ad-Hoc|x64.Deploy.0 = Ad-Hoc|iPhone
		{6C6062FA-10DB-43AD-BB5F-F7969707FCBD}.Ad-Hoc|x86.ActiveCfg = Ad-Hoc|iPhone
		{6C6062FA-10DB-43AD-BB5F-F7969707FCBD}.Ad-Hoc|x86.Build.0 = Ad-Hoc|iPhone
		{6C6062FA-10DB-43AD-BB5F-F7969707FCBD}.Ad-Hoc|x86.Deploy.0 = Ad-Hoc|iPhone
		{6C6062FA-10DB-43AD-BB5F-F7969707FCBD}.AppStore|Any CPU.ActiveCfg = AppStore|iPhone
		{6C6062FA-10DB-43AD-BB5F-F7969707FCBD}.AppStore|Any CPU.Build.0 = AppStore|iPhone
		{6C6062FA-10DB-43AD-BB5F-F7969707FCBD}.AppStore|Any CPU.Deploy.0 = AppStore|iPhone
		{6C6062FA-10DB-43AD-BB5F-F7969707FCBD}.AppStore|ARM.ActiveCfg = AppStore|iPhone
		{6C6062FA-10DB-43AD-BB5F-F7969707FCBD}.AppStore|ARM.Build.0 = AppStore|iPhone
		{6C6062FA-10DB-43AD-BB5F-F7969707FCBD}.AppStore|ARM.Deploy.0 = AppStore|iPhone
		{6C6062FA-10DB-43AD-BB5F-F7969707FCBD}.AppStore|iPhone.ActiveCfg = AppStore|iPhone
		{6C6062FA-10DB-43AD-BB5F-F7969707FCBD}.AppStore|iPhone.Build.0 = AppStore|iPhone
		{6C6062FA-10DB-43AD-BB5F-F7969707FCBD}.AppStore|iPhone.Deploy.0 = AppStore|iPhone
		{6C6062FA-10DB-43AD-BB5F-F7969707FCBD}.AppStore|iPhoneSimulator.ActiveCfg = AppStore|iPhoneSimulator
		{6C6062FA-10DB-43AD-BB5F-F7969707FCBD}.AppStore|iPhoneSimulator.Build.0 = AppStore|iPhoneSimulator
		{6C6062FA-10DB-43AD-BB5F-F7969707FCBD}.AppStore|iPhoneSimulator.Deploy.0 = AppStore|iPhoneSimulator
		{6C6062FA-10DB-43AD-BB5F-F7969707FCBD}.AppStore|x64.ActiveCfg = AppStore|iPhone
		{6C6062FA-10DB-43AD-BB5F-F7969707FCBD}.AppStore|x64.Build.0 = AppStore|iPhone
		{6C6062FA-10DB-43AD-BB5F-F7969707FCBD}.AppStore|x64.Deploy.0 = AppStore|iPhone
		{6C6062FA-10DB-43AD-BB5F-F7969707FCBD}.AppStore|x86.ActiveCfg = AppStore|iPhone
		{6C6062FA-10DB-43AD-BB5F-F7969707FCBD}.AppStore|x86.Build.0 = AppStore|iPhone
		{6C6062FA-10DB-43AD-BB5F-F7969707FCBD}.AppStore|x86.Deploy.0 = AppStore|iPhone
		{6C6062FA-10DB-43AD-BB5F-F7969707FCBD}.Debug|Any CPU.ActiveCfg = Debug|iPhoneSimulator
		{6C6062FA-10DB-43AD-BB5F-F7969707FCBD}.Debug|Any CPU.Build.0 = Debug|iPhoneSimulator
		{6C6062FA-10DB-43AD-BB5F-F7969707FCBD}.Debug|Any CPU.Deploy.0 = Debug|iPhoneSimulator
		{6C6062FA-10DB-43AD-BB5F-F7969707FCBD}.Debug|ARM.ActiveCfg = Debug|iPhone
		{6C6062FA-10DB-43AD-BB5F-F7969707FCBD}.Debug|ARM.Build.0 = Debug|iPhone
		{6C6062FA-10DB-43AD-BB5F-F7969707FCBD}.Debug|ARM.Deploy.0 = Debug|iPhone
		{6C6062FA-10DB-43AD-BB5F-F7969707FCBD}.Debug|iPhone.ActiveCfg = Debug|iPhone
		{6C6062FA-10DB-43AD-BB5F-F7969707FCBD}.Debug|iPhone.Build.0 = Debug|iPhone
		{6C6062FA-10DB-43AD-BB5F-F7969707FCBD}.Debug|iPhone.Deploy.0 = Debug|iPhone
		{6C6062FA-10DB-43AD-BB5F-F7969707FCBD}.Debug|iPhoneSimulator.ActiveCfg = Debug|iPhoneSimulator
		{6C6062FA-10DB-43AD-BB5F-F7969707FCBD}.Debug|iPhoneSimulator.Build.0 = Debug|iPhoneSimulator
		{6C6062FA-10DB-43AD-BB5F-F7969707FCBD}.Debug|iPhoneSimulator.Deploy.0 = Debug|iPhoneSimulator
		{6C6062FA-10DB-43AD-BB5F-F7969707FCBD}.Debug|x64.ActiveCfg = Debug|iPhone
		{6C6062FA-10DB-43AD-BB5F-F7969707FCBD}.Debug|x64.Build.0 = Debug|iPhone
		{6C6062FA-10DB-43AD-BB5F-F7969707FCBD}.Debug|x64.Deploy.0 = Debug|iPhone
		{6C6062FA-10DB-43AD-BB5F-F7969707FCBD}.Debug|x86.ActiveCfg = Debug|iPhone
		{6C6062FA-10DB-43AD-BB5F-F7969707FCBD}.Debug|x86.Build.0 = Debug|iPhone
		{6C6062FA-10DB-43AD-BB5F-F7969707FCBD}.Debug|x86.Deploy.0 = Debug|iPhone
		{6C6062FA-10DB-43AD-BB5F-F7969707FCBD}.Release|Any CPU.ActiveCfg = Release|iPhone
		{6C6062FA-10DB-43AD-BB5F-F7969707FCBD}.Release|Any CPU.Build.0 = Release|iPhone
		{6C6062FA-10DB-43AD-BB5F-F7969707FCBD}.Release|Any CPU.Deploy.0 = Release|iPhone
		{6C6062FA-10DB-43AD-BB5F-F7969707FCBD}.Release|ARM.ActiveCfg = Release|iPhone
		{6C6062FA-10DB-43AD-BB5F-F7969707FCBD}.Release|ARM.Build.0 = Release|iPhone
		{6C6062FA-10DB-43AD-BB5F-F7969707FCBD}.Release|ARM.Deploy.0 = Release|iPhone
		{6C6062FA-10DB-43AD-BB5F-F7969707FCBD}.Release|iPhone.ActiveCfg = Release|iPhone
		{6C6062FA-10DB-43AD-BB5F-F7969707FCBD}.Release|iPhone.Build.0 = Release|iPhone
		{6C6062FA-10DB-43AD-BB5F-F7969707FCBD}.Release|iPhone.Deploy.0 = Release|iPhone
		{6C6062FA-10DB-43AD-BB5F-F7969707FCBD}.Release|iPhoneSimulator.ActiveCfg = Release|iPhoneSimulator
		{6C6062FA-10DB-43AD-BB5F-F7969707FCBD}.Release|iPhoneSimulator.Build.0 = Release|iPhoneSimulator
		{6C6062FA-10DB-43AD-BB5F-F7969707FCBD}.Release|iPhoneSimulator.Deploy.0 = Release|iPhoneSimulator
		{6C6062FA-10DB-43AD-BB5F-F7969707FCBD}.Release|x64.ActiveCfg = Release|iPhone
		{6C6062FA-10DB-43AD-BB5F-F7969707FCBD}.Release|x64.Build.0 = Release|iPhone
		{6C6062FA-10DB-43AD-BB5F-F7969707FCBD}.Release|x64.Deploy.0 = Release|iPhone
		{6C6062FA-10DB-43AD-BB5F-F7969707FCBD}.Release|x86.ActiveCfg = Release|iPhone
		{6C6062FA-10DB-43AD-BB5F-F7969707FCBD}.Release|x86.Build.0 = Release|iPhone
		{6C6062FA-10DB-43AD-BB5F-F7969707FCBD}.Release|x86.Deploy.0 = Release|iPhone
		{9F7E3892-153A-41EA-828B-0E331B2AAACD}.Ad-Hoc|Any CPU.ActiveCfg = Release|x86
		{9F7E3892-153A-41EA-828B-0E331B2AAACD}.Ad-Hoc|Any CPU.Build.0 = Release|x86
		{9F7E3892-153A-41EA-828B-0E331B2AAACD}.Ad-Hoc|Any CPU.Deploy.0 = Release|x86
		{9F7E3892-153A-41EA-828B-0E331B2AAACD}.Ad-Hoc|ARM.ActiveCfg = Release|ARM
		{9F7E3892-153A-41EA-828B-0E331B2AAACD}.Ad-Hoc|ARM.Build.0 = Release|ARM
		{9F7E3892-153A-41EA-828B-0E331B2AAACD}.Ad-Hoc|ARM.Deploy.0 = Release|ARM
		{9F7E3892-153A-41EA-828B-0E331B2AAACD}.Ad-Hoc|iPhone.ActiveCfg = Release|x86
		{9F7E3892-153A-41EA-828B-0E331B2AAACD}.Ad-Hoc|iPhone.Build.0 = Release|x86
		{9F7E3892-153A-41EA-828B-0E331B2AAACD}.Ad-Hoc|iPhone.Deploy.0 = Release|x86
		{9F7E3892-153A-41EA-828B-0E331B2AAACD}.Ad-Hoc|iPhoneSimulator.ActiveCfg = Release|x86
		{9F7E3892-153A-41EA-828B-0E331B2AAACD}.Ad-Hoc|iPhoneSimulator.Build.0 = Release|x86
		{9F7E3892-153A-41EA-828B-0E331B2AAACD}.Ad-Hoc|iPhoneSimulator.Deploy.0 = Release|x86
		{9F7E3892-153A-41EA-828B-0E331B2AAACD}.Ad-Hoc|x64.ActiveCfg = Release|x64
		{9F7E3892-153A-41EA-828B-0E331B2AAACD}.Ad-Hoc|x64.Build.0 = Release|x64
		{9F7E3892-153A-41EA-828B-0E331B2AAACD}.Ad-Hoc|x64.Deploy.0 = Release|x64
		{9F7E3892-153A-41EA-828B-0E331B2AAACD}.Ad-Hoc|x86.ActiveCfg = Release|x86
		{9F7E3892-153A-41EA-828B-0E331B2AAACD}.Ad-Hoc|x86.Build.0 = Release|x86
		{9F7E3892-153A-41EA-828B-0E331B2AAACD}.Ad-Hoc|x86.Deploy.0 = Release|x86
		{9F7E3892-153A-41EA-828B-0E331B2AAACD}.AppStore|Any CPU.ActiveCfg = Release|x86
		{9F7E3892-153A-41EA-828B-0E331B2AAACD}.AppStore|Any CPU.Build.0 = Release|x86
		{9F7E3892-153A-41EA-828B-0E331B2AAACD}.AppStore|Any CPU.Deploy.0 = Release|x86
		{9F7E3892-153A-41EA-828B-0E331B2AAACD}.AppStore|ARM.ActiveCfg = Release|ARM
		{9F7E3892-153A-41EA-828B-0E331B2AAACD}.AppStore|ARM.Build.0 = Release|ARM
		{9F7E3892-153A-41EA-828B-0E331B2AAACD}.AppStore|ARM.Deploy.0 = Release|ARM
		{9F7E3892-153A-41EA-828B-0E331B2AAACD}.AppStore|iPhone.ActiveCfg = Release|x86
		{9F7E3892-153A-41EA-828B-0E331B2AAACD}.AppStore|iPhone.Build.0 = Release|x86
		{9F7E3892-153A-41EA-828B-0E331B2AAACD}.AppStore|iPhone.Deploy.0 = Release|x86
		{9F7E3892-153A-41EA-828B-0E331B2AAACD}.AppStore|iPhoneSimulator.ActiveCfg = Release|x86
		{9F7E3892-153A-41EA-828B-0E331B2AAACD}.AppStore|iPhoneSimulator.Build.0 = Release|x86
		{9F7E3892-153A-41EA-828B-0E331B2AAACD}.AppStore|iPhoneSimulator.Deploy.0 = Release|x86
		{9F7E3892-153A-41EA-828B-0E331B2AAACD}.AppStore|x64.ActiveCfg = Release|x64
		{9F7E3892-153A-41EA-828B-0E331B2AAACD}.AppStore|x64.Build.0 = Release|x64
		{9F7E3892-153A-41EA-828B-0E331B2AAACD}.AppStore|x64.Deploy.0 = Release|x64
		{9F7E3892-153A-41EA-828B-0E331B2AAACD}.AppStore|x86.ActiveCfg = Release|x86
		{9F7E3892-153A-41EA-828B-0E331B2AAACD}.AppStore|x86.Build.0 = Release|x86
		{9F7E3892-153A-41EA-828B-0E331B2AAACD}.AppStore|x86.Deploy.0 = Release|x86
		{9F7E3892-153A-41EA-828B-0E331B2AAACD}.Debug|Any CPU.ActiveCfg = Debug|x86
		{9F7E3892-153A-41EA-828B-0E331B2AAACD}.Debug|Any CPU.Build.0 = Debug|x86
		{9F7E3892-153A-41EA-828B-0E331B2AAACD}.Debug|Any CPU.Deploy.0 = Debug|x86
		{9F7E3892-153A-41EA-828B-0E331B2AAACD}.Debug|ARM.ActiveCfg = Debug|ARM
		{9F7E3892-153A-41EA-828B-0E331B2AAACD}.Debug|ARM.Build.0 = Debug|ARM
		{9F7E3892-153A-41EA-828B-0E331B2AAACD}.Debug|ARM.Deploy.0 = Debug|ARM
		{9F7E3892-153A-41EA-828B-0E331B2AAACD}.Debug|iPhone.ActiveCfg = Debug|x86
		{9F7E3892-153A-41EA-828B-0E331B2AAACD}.Debug|iPhone.Build.0 = Debug|x86
		{9F7E3892-153A-41EA-828B-0E331B2AAACD}.Debug|iPhone.Deploy.0 = Debug|x86
		{9F7E3892-153A-41EA-828B-0E331B2AAACD}.Debug|iPhoneSimulator.ActiveCfg = Debug|x86
		{9F7E3892-153A-41EA-828B-0E331B2AAACD}.Debug|iPhoneSimulator.Build.0 = Debug|x86
		{9F7E3892-153A-41EA-828B-0E331B2AAACD}.Debug|iPhoneSimulator.Deploy.0 = Debug|x86
		{9F7E3892-153A-41EA-828B-0E331B2AAACD}.Debug|x64.ActiveCfg = Debug|x64
		{9F7E3892-153A-41EA-828B-0E331B2AAACD}.Debug|x64.Build.0 = Debug|x64
		{9F7E3892-153A-41EA-828B-0E331B2AAACD}.Debug|x64.Deploy.0 = Debug|x64
		{9F7E3892-153A-41EA-828B-0E331B2AAACD}.Debug|x86.ActiveCfg = Debug|x86
		{9F7E3892-153A-41EA-828B-0E331B2AAACD}.Debug|x86.Build.0 = Debug|x86
		{9F7E3892-153A-41EA-828B-0E331B2AAACD}.Debug|x86.Deploy.0 = Debug|x86
		{9F7E3892-153A-41EA-828B-0E331B2AAACD}.Release|Any CPU.ActiveCfg = Release|x86
		{9F7E3892-153A-41EA-828B-0E331B2AAACD}.Release|Any CPU.Build.0 = Release|x86
		{9F7E3892-153A-41EA-828B-0E331B2AAACD}.Release|Any CPU.Deploy.0 = Release|x86
		{9F7E3892-153A-41EA-828B-0E331B2AAACD}.Release|ARM.ActiveCfg = Release|ARM
		{9F7E3892-153A-41EA-828B-0E331B2AAACD}.Release|ARM.Build.0 = Release|ARM
		{9F7E3892-153A-41EA-828B-0E331B2AAACD}.Release|ARM.Deploy.0 = Release|ARM
		{9F7E3892-153A-41EA-828B-0E331B2AAACD}.Release|iPhone.ActiveCfg = Release|x86
		{9F7E3892-153A-41EA-828B-0E331B2AAACD}.Release|iPhone.Build.0 = Release|x86
		{9F7E3892-153A-41EA-828B-0E331B2AAACD}.Release|iPhone.Deploy.0 = Release|x86
		{9F7E3892-153A-41EA-828B-0E331B2AAACD}.Release|iPhoneSimulator.ActiveCfg = Release|x86
		{9F7E3892-153A-41EA-828B-0E331B2AAACD}.Release|iPhoneSimulator.Build.0 = Release|x86
		{9F7E3892-153A-41EA-828B-0E331B2AAACD}.Release|iPhoneSimulator.Deploy.0 = Release|x86
		{9F7E3892-153A-41EA-828B-0E331B2AAACD}.Release|x64.ActiveCfg = Release|x64
		{9F7E3892-153A-41EA-828B-0E331B2AAACD}.Release|x64.Build.0 = Release|x64
		{9F7E3892-153A-41EA-828B-0E331B2AAACD}.Release|x64.Deploy.0 = Release|x64
		{9F7E3892-153A-41EA-828B-0E331B2AAACD}.Release|x86.ActiveCfg = Release|x86
		{9F7E3892-153A-41EA-828B-0E331B2AAACD}.Release|x86.Build.0 = Release|x86
		{9F7E3892-153A-41EA-828B-0E331B2AAACD}.Release|x86.Deploy.0 = Release|x86
		{13F588F0-3A14-495D-9FCC-C2B42E42B418}.Ad-Hoc|Any CPU.ActiveCfg = Debug|Any CPU
		{13F588F0-3A14-495D-9FCC-C2B42E42B418}.Ad-Hoc|Any CPU.Build.0 = Debug|Any CPU
		{13F588F0-3A14-495D-9FCC-C2B42E42B418}.Ad-Hoc|Any CPU.Deploy.0 = Debug|Any CPU
		{13F588F0-3A14-495D-9FCC-C2B42E42B418}.Ad-Hoc|ARM.ActiveCfg = Debug|Any CPU
		{13F588F0-3A14-495D-9FCC-C2B42E42B418}.Ad-Hoc|ARM.Build.0 = Debug|Any CPU
		{13F588F0-3A14-495D-9FCC-C2B42E42B418}.Ad-Hoc|ARM.Deploy.0 = Debug|Any CPU
		{13F588F0-3A14-495D-9FCC-C2B42E42B418}.Ad-Hoc|iPhone.ActiveCfg = Debug|Any CPU
		{13F588F0-3A14-495D-9FCC-C2B42E42B418}.Ad-Hoc|iPhone.Build.0 = Debug|Any CPU
		{13F588F0-3A14-495D-9FCC-C2B42E42B418}.Ad-Hoc|iPhone.Deploy.0 = Debug|Any CPU
		{13F588F0-3A14-495D-9FCC-C2B42E42B418}.Ad-Hoc|iPhoneSimulator.ActiveCfg = Debug|Any CPU
		{13F588F0-3A14-495D-9FCC-C2B42E42B418}.Ad-Hoc|iPhoneSimulator.Build.0 = Debug|Any CPU
		{13F588F0-3A14-495D-9FCC-C2B42E42B418}.Ad-Hoc|iPhoneSimulator.Deploy.0 = Debug|Any CPU
		{13F588F0-3A14-495D-9FCC-C2B42E42B418}.Ad-Hoc|x64.ActiveCfg = Debug|Any CPU
		{13F588F0-3A14-495D-9FCC-C2B42E42B418}.Ad-Hoc|x64.Build.0 = Debug|Any CPU
		{13F588F0-3A14-495D-9FCC-C2B42E42B418}.Ad-Hoc|x64.Deploy.0 = Debug|Any CPU
		{13F588F0-3A14-495D-9FCC-C2B42E42B418}.Ad-Hoc|x86.ActiveCfg = Debug|Any CPU
		{13F588F0-3A14-495D-9FCC-C2B42E42B418}.Ad-Hoc|x86.Build.0 = Debug|Any CPU
		{13F588F0-3A14-495D-9FCC-C2B42E42B418}.Ad-Hoc|x86.Deploy.0 = Debug|Any CPU
		{13F588F0-3A14-495D-9FCC-C2B42E42B418}.AppStore|Any CPU.ActiveCfg = Debug|Any CPU
		{13F588F0-3A14-495D-9FCC-C2B42E42B418}.AppStore|Any CPU.Build.0 = Debug|Any CPU
		{13F588F0-3A14-495D-9FCC-C2B42E42B418}.AppStore|Any CPU.Deploy.0 = Debug|Any CPU
		{13F588F0-3A14-495D-9FCC-C2B42E42B418}.AppStore|ARM.ActiveCfg = Debug|Any CPU
		{13F588F0-3A14-495D-9FCC-C2B42E42B418}.AppStore|ARM.Build.0 = Debug|Any CPU
		{13F588F0-3A14-495D-9FCC-C2B42E42B418}.AppStore|ARM.Deploy.0 = Debug|Any CPU
		{13F588F0-3A14-495D-9FCC-C2B42E42B418}.AppStore|iPhone.ActiveCfg = Debug|Any CPU
		{13F588F0-3A14-495D-9FCC-C2B42E42B418}.AppStore|iPhone.Build.0 = Debug|Any CPU
		{13F588F0-3A14-495D-9FCC-C2B42E42B418}.AppStore|iPhone.Deploy.0 = Debug|Any CPU
		{13F588F0-3A14-495D-9FCC-C2B42E42B418}.AppStore|iPhoneSimulator.ActiveCfg = Debug|Any CPU
		{13F588F0-3A14-495D-9FCC-C2B42E42B418}.AppStore|iPhoneSimulator.Build.0 = Debug|Any CPU
		{13F588F0-3A14-495D-9FCC-C2B42E42B418}.AppStore|iPhoneSimulator.Deploy.0 = Debug|Any CPU
		{13F588F0-3A14-495D-9FCC-C2B42E42B418}.AppStore|x64.ActiveCfg = Debug|Any CPU
		{13F588F0-3A14-495D-9FCC-C2B42E42B418}.AppStore|x64.Build.0 = Debug|Any CPU
		{13F588F0-3A14-495D-9FCC-C2B42E42B418}.AppStore|x64.Deploy.0 = Debug|Any CPU
		{13F588F0-3A14-495D-9FCC-C2B42E42B418}.AppStore|x86.ActiveCfg = Debug|Any CPU
		{13F588F0-3A14-495D-9FCC-C2B42E42B418}.AppStore|x86.Build.0 = Debug|Any CPU
		{13F588F0-3A14-495D-9FCC-C2B42E42B418}.AppStore|x86.Deploy.0 = Debug|Any CPU
		{13F588F0-3A14-495D-9FCC-C2B42E42B418}.Debug|Any CPU.ActiveCfg = Debug|Any CPU
		{13F588F0-3A14-495D-9FCC-C2B42E42B418}.Debug|Any CPU.Build.0 = Debug|Any CPU
		{13F588F0-3A14-495D-9FCC-C2B42E42B418}.Debug|Any CPU.Deploy.0 = Debug|Any CPU
		{13F588F0-3A14-495D-9FCC-C2B42E42B418}.Debug|ARM.ActiveCfg = Debug|Any CPU
		{13F588F0-3A14-495D-9FCC-C2B42E42B418}.Debug|ARM.Build.0 = Debug|Any CPU
		{13F588F0-3A14-495D-9FCC-C2B42E42B418}.Debug|ARM.Deploy.0 = Debug|Any CPU
		{13F588F0-3A14-495D-9FCC-C2B42E42B418}.Debug|iPhone.ActiveCfg = Debug|Any CPU
		{13F588F0-3A14-495D-9FCC-C2B42E42B418}.Debug|iPhone.Build.0 = Debug|Any CPU
		{13F588F0-3A14-495D-9FCC-C2B42E42B418}.Debug|iPhone.Deploy.0 = Debug|Any CPU
		{13F588F0-3A14-495D-9FCC-C2B42E42B418}.Debug|iPhoneSimulator.ActiveCfg = Debug|Any CPU
		{13F588F0-3A14-495D-9FCC-C2B42E42B418}.Debug|iPhoneSimulator.Build.0 = Debug|Any CPU
		{13F588F0-3A14-495D-9FCC-C2B42E42B418}.Debug|iPhoneSimulator.Deploy.0 = Debug|Any CPU
		{13F588F0-3A14-495D-9FCC-C2B42E42B418}.Debug|x64.ActiveCfg = Debug|Any CPU
		{13F588F0-3A14-495D-9FCC-C2B42E42B418}.Debug|x64.Build.0 = Debug|Any CPU
		{13F588F0-3A14-495D-9FCC-C2B42E42B418}.Debug|x64.Deploy.0 = Debug|Any CPU
		{13F588F0-3A14-495D-9FCC-C2B42E42B418}.Debug|x86.ActiveCfg = Debug|Any CPU
		{13F588F0-3A14-495D-9FCC-C2B42E42B418}.Debug|x86.Build.0 = Debug|Any CPU
		{13F588F0-3A14-495D-9FCC-C2B42E42B418}.Debug|x86.Deploy.0 = Debug|Any CPU
		{13F588F0-3A14-495D-9FCC-C2B42E42B418}.Release|Any CPU.ActiveCfg = Release|Any CPU
		{13F588F0-3A14-495D-9FCC-C2B42E42B418}.Release|Any CPU.Build.0 = Release|Any CPU
		{13F588F0-3A14-495D-9FCC-C2B42E42B418}.Release|Any CPU.Deploy.0 = Release|Any CPU
		{13F588F0-3A14-495D-9FCC-C2B42E42B418}.Release|ARM.ActiveCfg = Release|Any CPU
		{13F588F0-3A14-495D-9FCC-C2B42E42B418}.Release|ARM.Build.0 = Release|Any CPU
		{13F588F0-3A14-495D-9FCC-C2B42E42B418}.Release|ARM.Deploy.0 = Release|Any CPU
		{13F588F0-3A14-495D-9FCC-C2B42E42B418}.Release|iPhone.ActiveCfg = Release|Any CPU
		{13F588F0-3A14-495D-9FCC-C2B42E42B418}.Release|iPhone.Build.0 = Release|Any CPU
		{13F588F0-3A14-495D-9FCC-C2B42E42B418}.Release|iPhone.Deploy.0 = Release|Any CPU
		{13F588F0-3A14-495D-9FCC-C2B42E42B418}.Release|iPhoneSimulator.ActiveCfg = Release|Any CPU
		{13F588F0-3A14-495D-9FCC-C2B42E42B418}.Release|iPhoneSimulator.Build.0 = Release|Any CPU
		{13F588F0-3A14-495D-9FCC-C2B42E42B418}.Release|iPhoneSimulator.Deploy.0 = Release|Any CPU
		{13F588F0-3A14-495D-9FCC-C2B42E42B418}.Release|x64.ActiveCfg = Release|Any CPU
		{13F588F0-3A14-495D-9FCC-C2B42E42B418}.Release|x64.Build.0 = Release|Any CPU
		{13F588F0-3A14-495D-9FCC-C2B42E42B418}.Release|x64.Deploy.0 = Release|Any CPU
		{13F588F0-3A14-495D-9FCC-C2B42E42B418}.Release|x86.ActiveCfg = Release|Any CPU
		{13F588F0-3A14-495D-9FCC-C2B42E42B418}.Release|x86.Build.0 = Release|Any CPU
		{13F588F0-3A14-495D-9FCC-C2B42E42B418}.Release|x86.Deploy.0 = Release|Any CPU
	EndGlobalSection
	GlobalSection(SolutionProperties) = preSolution
		HideSolutionNode = FALSE
	EndGlobalSection
	GlobalSection(ExtensibilityGlobals) = postSolution
		SolutionGuid = {7D820602-60A0-4B29-BAB7-A974B29F7CFC}
	EndGlobalSection
EndGlobal
